{
  "name": "collision",
  "version": "1.0.0",
  "lockfileVersion": 1,
  "dependencies": {
    "nano-static-server": {
      "version": "1.0.0",
      "resolved": "https://registry.npmjs.org/nano-static-server/-/nano-static-server-1.0.0.tgz",
      "integrity": "sha1-dP+N71P1sHQJrCTDJIsnt78KraI=",
      "dev": true
    }
  }
}
